
Microsoft Visual Studio Solution File, Format Version 12.00
# Visual Studio Version 17
VisualStudioVersion = 17.13.35931.197
MinimumVisualStudioVersion = 10.0.40219.1
Project("{FAE04EC0-301F-11D3-BF4B-00C04F79EFBC}") = "Visa.Auomation.App", "Visa.Auomation.App\Visa.Auomation.App.csproj", "{A0022DD6-FE3E-A253-FD78-CA08CEA90556}"
EndProject
Global
	GlobalSection(SolutionConfigurationPlatforms) = preSolution
		Debug|Any CPU = Debug|Any CPU
		Release|Any CPU = Release|Any CPU
	EndGlobalSection
	GlobalSection(ProjectConfigurationPlatforms) = postSolution
		{A0022DD6-FE3E-A253-FD78-CA08CEA90556}.Debug|Any CPU.ActiveCfg = Debug|Any CPU
		{A0022DD6-FE3E-A253-FD78-CA08CEA90556}.Debug|Any CPU.Build.0 = Debug|Any CPU
		{A0022DD6-FE3E-A253-FD78-CA08CEA90556}.Release|Any CPU.ActiveCfg = Release|Any CPU
		{A0022DD6-FE3E-A253-FD78-CA08CEA90556}.Release|Any CPU.Build.0 = Release|Any CPU
	EndGlobalSection
	GlobalSection(SolutionProperties) = preSolution
		HideSolutionNode = FALSE
	EndGlobalSection
	GlobalSection(ExtensibilityGlobals) = postSolution
		SolutionGuid = {8CF30E65-7B41-4904-A5F5-1FDFEDC90650}
	EndGlobalSection
EndGlobal
